
Microsoft Visual Studio Solution File, Format Version 12.00
# Visual Studio 15
VisualStudioVersion = 15.0.28307.757
MinimumVisualStudioVersion = 10.0.40219.1
Project("{9A19103F-16F7-4668-BE54-9A1E7A4F7556}") = "Brothers-in-the-Bar", "Brothers-in-the-Bar\Brothers-in-the-Bar.csproj", "{87C909E2-13AF-459D-B674-DA17C360879B}"
EndProject
Global
	GlobalSection(SolutionConfigurationPlatforms) = preSolution
		Debug|Any CPU = Debug|Any CPU
		Release|Any CPU = Release|Any CPU
	EndGlobalSection
	GlobalSection(ProjectConfigurationPlatforms) = postSolution
		{87C909E2-13AF-459D-B674-DA17C360879B}.Debug|Any CPU.ActiveCfg = Debug|Any CPU
		{87C909E2-13AF-459D-B674-DA17C360879B}.Debug|Any CPU.Build.0 = Debug|Any CPU
		{87C909E2-13AF-459D-B674-DA17C360879B}.Release|Any CPU.ActiveCfg = Release|Any CPU
		{87C909E2-13AF-459D-B674-DA17C360879B}.Release|Any CPU.Build.0 = Release|Any CPU
	EndGlobalSection
	GlobalSection(SolutionProperties) = preSolution
		HideSolutionNode = FALSE
	EndGlobalSection
	GlobalSection(ExtensibilityGlobals) = postSolution
		SolutionGuid = {5347AD65-F4C6-4D5A-A622-6D748DB07EB8}
	EndGlobalSection
EndGlobal
